{
  "nodes": {
    "home-manager": {
      "inputs": {
        "nixpkgs": [
          "nixpkgs"
        ]
      },
      "locked": {
        "lastModified": 1760662441,
        "narHash": "sha256-mlDqR1Ntgs9uYYEAUR1IhamKBO0lxoNS4zGLzEZaY0A=",
        "owner": "nix-community",
        "repo": "home-manager",
        "rev": "722792af097dff5790f1a66d271a47759f477755",
        "type": "github"
      },
      "original": {
        "owner": "nix-community",
        "repo": "home-manager",
        "type": "github"
      }
    },
    "nixCats": {
      "locked": {
        "lastModified": 1759730664,
        "narHash": "sha256-boRlBQ/c4CaHsK/z04QL6+t81mcar37Io94HBX2GflY=",
        "owner": "BirdeeHub",
        "repo": "nixCats-nvim",
        "rev": "77dffad8235eb77684fcb7599487c8e9f23d5b8f",
        "type": "github"
      },
      "original": {
        "owner": "BirdeeHub",
        "repo": "nixCats-nvim",
        "type": "github"
      }
    },
    "nixpkgs": {
      "locked": {
        "lastModified": 1760524057,
        "narHash": "sha256-EVAqOteLBFmd7pKkb0+FIUyzTF61VKi7YmvP1tw4nEw=",
        "owner": "NixOS",
        "repo": "nixpkgs",
        "rev": "544961dfcce86422ba200ed9a0b00dd4b1486ec5",
        "type": "github"
      },
      "original": {
        "id": "nixpkgs",
        "ref": "nixos-unstable",
        "type": "indirect"
      }
    },
    "panthervim": {
      "inputs": {
        "nixCats": "nixCats",
        "nixpkgs": [
          "nixpkgs"
        ],
        "plugins-rnvim": "plugins-rnvim",
        "plugins-toggleterm": "plugins-toggleterm"
      },
      "locked": {
        "lastModified": 1760667276,
        "narHash": "sha256-ZnjjzIccWZBLMKhLI2I+OB8YR20dh/0jWNqfPDsqF3k=",
        "owner": "Braden-Griebel",
        "repo": "Panthervim",
        "rev": "e7f7a65812e3ecf2958e53bc475c8abd140eaaaf",
        "type": "github"
      },
      "original": {
        "owner": "Braden-Griebel",
        "repo": "Panthervim",
        "type": "github"
      }
    },
    "plugins-rnvim": {
      "flake": false,
      "locked": {
        "lastModified": 1760133298,
        "narHash": "sha256-jVl1pski6UKk0lMe/g8YXn+Ylth+tMIobn9Qj9Z6o4I=",
        "owner": "R-nvim",
        "repo": "R.nvim",
        "rev": "b8cbe746f996116231f3fd3641453db072aade39",
        "type": "github"
      },
      "original": {
        "owner": "R-nvim",
        "repo": "R.nvim",
        "type": "github"
      }
    },
    "plugins-toggleterm": {
      "flake": false,
      "locked": {
        "lastModified": 1741512039,
        "narHash": "sha256-fytbX+L12TK45YKFU9K+iFJcDrwboKabihc2LtX29J4=",
        "owner": "akinsho",
        "repo": "toggleterm.nvim",
        "rev": "9a88eae817ef395952e08650b3283726786fb5fb",
        "type": "github"
      },
      "original": {
        "owner": "akinsho",
        "repo": "toggleterm.nvim",
        "type": "github"
      }
    },
    "root": {
      "inputs": {
        "home-manager": "home-manager",
        "nixpkgs": "nixpkgs",
        "panthervim": "panthervim"
      }
    }
  },
  "root": "root",
  "version": 7
}
